# This file is automatically @generated by Poetry 2.3.4 and should not be changed by hand.

[[package]]
name = "altgraph"
version = "0.17.5"
description = "Python graph (network) package"
optional = false
python-versions = "*"
groups = ["dev"]
files = [
    {file = "altgraph-0.17.5-py2.py3-none-any.whl", hash = "sha256:f3a22400bce1b0c701683820ac4f3b159cd301acab067c51c653e06961600597"},
    {file = "altgraph-0.17.5.tar.gz", hash = "sha256:c87b395dd12fabde9c99573a9749d67da8d29ef9de0125c7f536699b4a9bc9e7"},
]

[[package]]
name = "defusedxml"
version = "0.7.1"
description = "XML bomb protection for Python stdlib modules"
optional = false
python-versions = ">=2.7, !=3.0.*, !=3.1.*, !=3.2.*, !=3.3.*, !=3.4.*"
groups = ["main"]
files = [
    {file = "defusedxml-0.7.1-py2.py3-none-any.whl", hash = "sha256:a352e7e428770286cc899e2542b6cdaedb2b4953ff269a210103ec58f6198a61"},
    {file = "defusedxml-0.7.1.tar.gz", hash = "sha256:1bb3032db185915b62d7c6209c5a8792be6a32ab2fedacc84e01b52c51aa3e69"},
]

[[package]]
name = "fonttools"
version = "4.62.1"
description = "Tools to manipulate font files"
optional = false
python-versions = ">=3.10"
groups = ["main"]
files = [
    {file = "fonttools-4.62.1-cp310-cp310-macosx_10_9_universal2.whl", hash = "sha256:ad5cca75776cd453b1b035b530e943334957ae152a36a88a320e779d61fc980c"},
    {file = "fonttools-4.62.1-cp310-cp310-macosx_10_9_x86_64.whl", hash = "sha256:0b3ae47e8636156a9accff64c02c0924cbebad62854c4a6dbdc110cd5b4b341a"},
    {file = "fonttools-4.62.1-cp310-cp310-manylinux2014_aarch64.manylinux_2_17_aarch64.manylinux_2_28_aarch64.whl", hash = "sha256:c9b9e288b4da2f64fd6180644221749de651703e8d0c16bd4b719533a3a7d6e3"},
    {file = "fonttools-4.62.1-cp310-cp310-manylinux2014_x86_64.manylinux_2_17_x86_64.whl", hash = "sha256:7bca7a1c1faf235ffe25d4f2e555246b4750220b38de8261d94ebc5ce8a23c23"},
    {file = "fonttools-4.62.1-cp310-cp310-musllinux_1_2_aarch64.whl", hash = "sha256:b4e0fcf265ad26e487c56cb12a42dffe7162de708762db951e1b3f755319507d"},
    {file = "fonttools-4.62.1-cp310-cp310-musllinux_1_2_x86_64.whl", hash = "sha256:2d850f66830a27b0d498ee05adb13a3781637b1826982cd7e2b3789ef0cc71ae"},
    {file = "fonttools-4.62.1-cp310-cp310-win32.whl", hash = "sha256:486f32c8047ccd05652aba17e4a8819a3a9d78570eb8a0e3b4503142947880ed"},
    {file = "fonttools-4.62.1-cp310-cp310-win_amd64.whl", hash = "sha256:5a648bde915fba9da05ae98856987ca91ba832949a9e2888b48c47ef8b96c5a9"},
    {file = "fonttools-4.62.1-cp311-cp311-macosx_10_9_universal2.whl", hash = "sha256:40975849bac44fb0b9253d77420c6d8b523ac4dcdcefeff6e4d706838a5b80f7"},
    {file = "fonttools-4.62.1-cp311-cp311-macosx_10_9_x86_64.whl", hash = "sha256:9dde91633f77fa576879a0c76b1d89de373cae751a98ddf0109d54e173b40f14"},
    {file = "fonttools-4.62.1-cp311-cp311-manylinux2014_aarch64.manylinux_2_17_aarch64.manylinux_2_28_aarch64.whl", hash = "sha256:6acb4109f8bee00fec985c8c7afb02299e35e9c94b57287f3ea542f28bd0b0a7"},
    {file = "fonttools-4.62.1-cp311-cp311-manylinux2014_x86_64.manylinux_2_17_x86_64.whl", hash = "sha256:1c5c25671ce8805e0d080e2ffdeca7f1e86778c5cbfbeae86d7f866d8830517b"},
    {file = "fonttools-4.62.1-cp311-cp311-musllinux_1_2_aarch64.whl", hash = "sha256:a5d8825e1140f04e6c99bb7d37a9e31c172f3bc208afbe02175339e699c710e1"},
    {file = "fonttools-4.62.1-cp311-cp311-musllinux_1_2_x86_64.whl", hash = "sha256:268abb1cb221e66c014acc234e872b7870d8b5d4657a83a8f4205094c32d2416"},
    {file = "fonttools-4.62.1-cp311-cp311-win32.whl", hash = "sha256:942b03094d7edbb99bdf1ae7e9090898cad7bf9030b3d21f33d7072dbcb51a53"},
    {file = "fonttools-4.62.1-cp311-cp311-win_amd64.whl", hash = "sha256:e8514f4924375f77084e81467e63238b095abda5107620f49421c368a6017ed2"},
    {file = "fonttools-4.62.1-cp312-cp312-macosx_10_13_universal2.whl", hash = "sha256:90365821debbd7db678809c7491ca4acd1e0779b9624cdc6ddaf1f31992bf974"},
    {file = "fonttools-4.62.1-cp312-cp312-macosx_10_13_x86_64.whl", hash = "sha256:12859ff0b47dd20f110804c3e0d0970f7b832f561630cd879969011541a464a9"},
    {file = "fonttools-4.62.1-cp312-cp312-manylinux2014_aarch64.manylinux_2_17_aarch64.manylinux_2_28_aarch64.whl", hash = "sha256:9c125ffa00c3d9003cdaaf7f2c79e6e535628093e14b5de1dccb08859b680936"},
    {file = "fonttools-4.62.1-cp312-cp312-manylinux2014_x86_64.manylinux_2_17_x86_64.whl", hash = "sha256:149f7d84afca659d1a97e39a4778794a2f83bf344c5ee5134e09995086cc2392"},
    {file = "fonttools-4.62.1-cp312-cp312-musllinux_1_2_aarch64.whl", hash = "sha256:0aa72c43a601cfa9273bb1ae0518f1acadc01ee181a6fc60cd758d7fdadffc04"},
    {file = "fonttools-4.62.1-cp312-cp312-musllinux_1_2_x86_64.whl", hash = "sha256:19177c8d96c7c36359266e571c5173bcee9157b59cfc8cb0153c5673dc5a3a7d"},
    {file = "fonttools-4.62.1-cp312-cp312-win32.whl", hash = "sha256:a24decd24d60744ee8b4679d38e88b8303d86772053afc29b19d23bb8207803c"},
    {file = "fonttools-4.62.1-cp312-cp312-win_amd64.whl", hash = "sha256:9e7863e10b3de72376280b515d35b14f5eeed639d1aa7824f4cf06779ec65e42"},
    {file = "fonttools-4.62.1-cp313-cp313-macosx_10_13_universal2.whl", hash = "sha256:c22b1014017111c401469e3acc5433e6acf6ebcc6aa9efb538a533c800971c79"},
    {file = "fonttools-4.62.1-cp313-cp313-macosx_10_13_x86_64.whl", hash = "sha256:68959f5fc58ed4599b44aad161c2837477d7f35f5f79402d97439974faebfebe"},
    {file = "fonttools-4.62.1-cp313-cp313-manylinux2014_aarch64.manylinux_2_17_aarch64.manylinux_2_28_aarch64.whl", hash = "sha256:ef46db46c9447103b8f3ff91e8ba009d5fe181b1920a83757a5762551e32bb68"},
    {file = "fonttools-4.62.1-cp313-cp313-manylinux2014_x86_64.manylinux_2_17_x86_64.whl", hash = "sha256:6706d1cb1d5e6251a97ad3c1b9347505c5615c112e66047abbef0f8545fa30d1"},
    {file = "fonttools-4.62.1-cp313-cp313-musllinux_1_2_aarch64.whl", hash = "sha256:2e7abd2b1e11736f58c1de27819e1955a53267c21732e78243fa2fa2e5c1e069"},
    {file = "fonttools-4.62.1-cp313-cp313-musllinux_1_2_x86_64.whl", hash = "sha256:403d28ce06ebfc547fbcb0cb8b7f7cc2f7a2d3e1a67ba9a34b14632df9e080f9"},
    {file = "fonttools-4.62.1-cp313-cp313-win32.whl", hash = "sha256:93c316e0f5301b2adbe6a5f658634307c096fd5aae60a5b3412e4f3e1728ab24"},
    {file = "fonttools-4.62.1-cp313-cp313-win_amd64.whl", hash = "sha256:7aa21ff53e28a9c2157acbc44e5b401149d3c9178107130e82d74ceb500e5056"},
    {file = "fonttools-4.62.1-cp314-cp314-macosx_10_15_universal2.whl", hash = "sha256:fa1d16210b6b10a826d71bed68dd9ec24a9e218d5a5e2797f37c573e7ec215ca"},
    {file = "fonttools-4.62.1-cp314-cp314-macosx_10_15_x86_64.whl", hash = "sha256:aa69d10ed420d8121118e628ad47d86e4caa79ba37f968597b958f6cceab7eca"},
    {file = "fonttools-4.62.1-cp314-cp314-manylinux2014_aarch64.manylinux_2_17_aarch64.manylinux_2_28_aarch64.whl", hash = "sha256:bd13b7999d59c5eb1c2b442eb2d0c427cb517a0b7a1f5798fc5c9e003f5ff782"},
    {file = "fonttools-4.62.1-cp314-cp314-manylinux2014_x86_64.manylinux_2_17_x86_64.whl", hash = "sha256:8d337fdd49a79b0d51c4da87bc38169d21c3abbf0c1aa9367eff5c6656fb6dae"},
    {file = "fonttools-4.62.1-cp314-cp314-musllinux_1_2_aarch64.whl", hash = "sha256:d241cdc4a67b5431c6d7f115fdf63335222414995e3a1df1a41e1182acd4bcc7"},
    {file = "fonttools-4.62.1-cp314-cp314-musllinux_1_2_x86_64.whl", hash = "sha256:c05557a78f8fa514da0f869556eeda40887a8abc77c76ee3f74cf241778afd5a"},
    {file = "fonttools-4.62.1-cp314-cp314-win32.whl", hash = "sha256:49a445d2f544ce4a69338694cad575ba97b9a75fff02720da0882d1a73f12800"},
    {file = "fonttools-4.62.1-cp314-cp314-win_amd64.whl", hash = "sha256:1eecc128c86c552fb963fe846ca4e011b1be053728f798185a1687502f6d398e"},
    {file = "fonttools-4.62.1-cp314-cp314t-macosx_10_15_universal2.whl", hash = "sha256:1596aeaddf7f78e21e68293c011316a25267b3effdaccaf4d59bc9159d681b82"},
    {file = "fonttools-4.62.1-cp314-cp314t-macosx_10_15_x86_64.whl", hash = "sha256:8f8fca95d3bb3208f59626a4b0ea6e526ee51f5a8ad5d91821c165903e8d9260"},
    {file = "fonttools-4.62.1-cp314-cp314t-manylinux2014_aarch64.manylinux_2_17_aarch64.manylinux_2_28_aarch64.whl", hash = "sha256:ee91628c08e76f77b533d65feb3fbe6d9dad699f95be51cf0d022db94089cdc4"},
    {file = "fonttools-4.62.1-cp314-cp314t-manylinux2014_x86_64.manylinux_2_17_x86_64.whl", hash = "sha256:5f37df1cac61d906e7b836abe356bc2f34c99d4477467755c216b72aa3dc748b"},
    {file = "fonttools-4.62.1-cp314-cp314t-musllinux_1_2_aarch64.whl", hash = "sha256:92bb00a947e666169c99b43753c4305fc95a890a60ef3aeb2a6963e07902cc87"},
    {file = "fonttools-4.62.1-cp314-cp314t-musllinux_1_2_x86_64.whl", hash = "sha256:bdfe592802ef939a0e33106ea4a318eeb17822c7ee168c290273cbd5fabd746c"},
    {file = "fonttools-4.62.1-cp314-cp314t-win32.whl", hash = "sha256:b820fcb92d4655513d8402d5b219f94481c4443d825b4372c75a2072aa4b357a"},
    {file = "fonttools-4.62.1-cp314-cp314t-win_amd64.whl", hash = "sha256:59b372b4f0e113d3746b88985f1c796e7bf830dd54b28374cd85c2b8acd7583e"},
    {file = "fonttools-4.62.1-py3-none-any.whl", hash = "sha256:7487782e2113861f4ddcc07c3436450659e3caa5e470b27dc2177cade2d8e7fd"},
    {file = "fonttools-4.62.1.tar.gz", hash = "sha256:e54c75fd6041f1122476776880f7c3c3295ffa31962dc6ebe2543c00dca58b5d"},
]

[package.extras]
all = ["brotli (>=1.0.1) ; platform_python_implementation == \"CPython\"", "brotlicffi (>=0.8.0) ; platform_python_implementation != \"CPython\"", "lxml (>=4.0)", "lz4 (>=1.7.4.2)", "matplotlib", "munkres ; platform_python_implementation == \"PyPy\"", "pycairo", "scipy ; platform_python_implementation != \"PyPy\"", "skia-pathops (>=0.5.0)", "sympy", "uharfbuzz (>=0.45.0)", "unicodedata2 (>=17.0.0) ; python_version <= \"3.14\"", "xattr ; sys_platform == \"darwin\"", "zopfli (>=0.1.4)"]
graphite = ["lz4 (>=1.7.4.2)"]
interpolatable = ["munkres ; platform_python_implementation == \"PyPy\"", "pycairo", "scipy ; platform_python_implementation != \"PyPy\""]
lxml = ["lxml (>=4.0)"]
pathops = ["skia-pathops (>=0.5.0)"]
plot = ["matplotlib"]
repacker = ["uharfbuzz (>=0.45.0)"]
symfont = ["sympy"]
type1 = ["xattr ; sys_platform == \"darwin\""]
unicode = ["unicodedata2 (>=17.0.0) ; python_version <= \"3.14\""]
woff = ["brotli (>=1.0.1) ; platform_python_implementation == \"CPython\"", "brotlicffi (>=0.8.0) ; platform_python_implementation != \"CPython\"", "zopfli (>=0.1.4)"]

[[package]]
name = "fpdf2"
version = "2.8.7"
description = "Simple & fast PDF generation for Python"
optional = false
python-versions = ">=3.10"
groups = ["main"]
files = [
    {file = "fpdf2-2.8.7-py3-none-any.whl", hash = "sha256:d391fc508a3ce02fc43a577c830cda4fe6f37646f2d143d489839940932fbc19"},
    {file = "fpdf2-2.8.7.tar.gz", hash = "sha256:7060ccee5a9c7ab0a271fb765a36a23639f83ef8996c34e3d46af0a17ede57f9"},
]

[package.dependencies]
defusedxml = "*"
fonttools = ">=4.34.0"
Pillow = ">=8.3.2,<9.2.dev0 || >=9.3.dev0"

[package.extras]
dev = ["bandit", "black", "mypy", "pre-commit", "pylint", "pyright", "semgrep", "zizmor"]
docs = ["lxml", "mkdocs", "mkdocs-git-revision-date-localized-plugin", "mkdocs-include-markdown-plugin", "mkdocs-macros-plugin", "mkdocs-material", "mkdocs-minify-plugin", "mkdocs-redirects", "mkdocs-with-pdf", "mknotebooks", "pdoc3"]
test = ["brotli", "camelot-py[base]", "endesive[full]", "pytest", "pytest-cov", "qrcode", "tabula-py", "uharfbuzz"]

[[package]]
name = "macholib"
version = "1.16.4"
description = "Mach-O header analysis and editing"
optional = false
python-versions = "*"
groups = ["dev"]
markers = "sys_platform == \"darwin\""
files = [
    {file = "macholib-1.16.4-py2.py3-none-any.whl", hash = "sha256:da1a3fa8266e30f0ce7e97c6a54eefaae8edd1e5f86f3eb8b95457cae90265ea"},
    {file = "macholib-1.16.4.tar.gz", hash = "sha256:f408c93ab2e995cd2c46e34fe328b130404be143469e41bc366c807448979362"},
]

[package.dependencies]
altgraph = ">=0.17"

[[package]]
name = "packaging"
version = "26.1"
description = "Core utilities for Python packages"
optional = false
python-versions = ">=3.8"
groups = ["dev"]
files = [
    {file = "packaging-26.1-py3-none-any.whl", hash = "sha256:5d9c0669c6285e491e0ced2eee587eaf67b670d94a19e94e3984a481aba6802f"},
    {file = "packaging-26.1.tar.gz", hash = "sha256:f042152b681c4bfac5cae2742a55e103d27ab2ec0f3d88037136b6bfe7c9c5de"},
]

[[package]]
name = "pefile"
version = "2024.8.26"
description = "Python PE parsing module"
optional = false
python-versions = ">=3.6.0"
groups = ["dev"]
markers = "sys_platform == \"win32\""
files = [
    {file = "pefile-2024.8.26-py3-none-any.whl", hash = "sha256:76f8b485dcd3b1bb8166f1128d395fa3d87af26360c2358fb75b80019b957c6f"},
    {file = "pefile-2024.8.26.tar.gz", hash = "sha256:3ff6c5d8b43e8c37bb6e6dd5085658d658a7a0bdcd20b6a07b1fcfc1c4e9d632"},
]

[[package]]
name = "pillow"
version = "12.2.0"
description = "Python Imaging Library (fork)"
optional = false
python-versions = ">=3.10"
groups = ["main"]
files = [
    {file = "pillow-12.2.0-cp310-cp310-macosx_10_10_x86_64.whl", hash = "sha256:a4e8f36e677d3336f35089648c8955c51c6d386a13cf6ee9c189c5f5bd713a9f"},
    {file = "pillow-12.2.0-cp310-cp310-macosx_11_0_arm64.whl", hash = "sha256:2e589959f10d9824d39b350472b92f0ce3b443c0a3442ebf41c40cb8361c5b97"},
    {file = "pillow-12.2.0-cp310-cp310-manylinux2014_aarch64.manylinux_2_17_aarch64.whl", hash = "sha256:a52edc8bfff4429aaabdf4d9ee0daadbbf8562364f940937b941f87a4290f5ff"},
    {file = "pillow-12.2.0-cp310-cp310-manylinux2014_x86_64.manylinux_2_17_x86_64.whl", hash = "sha256:975385f4776fafde056abb318f612ef6285b10a1f12b8570f3647ad0d74b48ec"},
    {file = "pillow-12.2.0-cp310-cp310-manylinux_2_27_aarch64.manylinux_2_28_aarch64.whl", hash = "sha256:bd9c0c7a0c681a347b3194c500cb1e6ca9cab053ea4d82a5cf45b6b754560136"},
    {file = "pillow-12.2.0-cp310-cp310-manylinux_2_27_x86_64.manylinux_2_28_x86_64.whl", hash = "sha256:88d387ff40b3ff7c274947ed3125dedf5262ec6919d83946753b5f3d7c67ea4c"},
    {file = "pillow-12.2.0-cp310-cp310-musllinux_1_2_aarch64.whl", hash = "sha256:51c4167c34b0d8ba05b547a3bb23578d0ba17b80a5593f93bd8ecb123dd336a3"},
    {file = "pillow-12.2.0-cp310-cp310-musllinux_1_2_x86_64.whl", hash = "sha256:34c0d99ecccea270c04882cb3b86e7b57296079c9a4aff88cb3b33563d95afaa"},
    {file = "pillow-12.2.0-cp310-cp310-win32.whl", hash = "sha256:b85f66ae9eb53e860a873b858b789217ba505e5e405a24b85c0464822fe88032"},
    {file = "pillow-12.2.0-cp310-cp310-win_amd64.whl", hash = "sha256:673aa32138f3e7531ccdbca7b3901dba9b70940a19ccecc6a37c77d5fdeb05b5"},
    {file = "pillow-12.2.0-cp310-cp310-win_arm64.whl", hash = "sha256:3e080565d8d7c671db5802eedfb438e5565ffa40115216eabb8cd52d0ecce024"},
    {file = "pillow-12.2.0-cp311-cp311-macosx_10_10_x86_64.whl", hash = "sha256:8be29e59487a79f173507c30ddf57e733a357f67881430449bb32614075a40ab"},
    {file = "pillow-12.2.0-cp311-cp311-macosx_11_0_arm64.whl", hash = "sha256:71cde9a1e1551df7d34a25462fc60325e8a11a82cc2e2f54578e5e9a1e153d65"},
    {file = "pillow-12.2.0-cp311-cp311-manylinux2014_aarch64.manylinux_2_17_aarch64.whl", hash = "sha256:f490f9368b6fc026f021db16d7ec2fbf7d89e2edb42e8ec09d2c60505f5729c7"},
    {file = "pillow-12.2.0-cp311-cp311-manylinux2014_x86_64.manylinux_2_17_x86_64.whl", hash = "sha256:8bd7903a5f2a4545f6fd5935c90058b89d30045568985a71c79f5fd6edf9b91e"},
    {file = "pillow-12.2.0-cp311-cp311-manylinux_2_27_aarch64.manylinux_2_28_aarch64.whl", hash = "sha256:3997232e10d2920a68d25191392e3a4487d8183039e1c74c2297f00ed1c50705"},
    {file = "pillow-12.2.0-cp311-cp311-manylinux_2_27_x86_64.manylinux_2_28_x86_64.whl", hash = "sha256:e74473c875d78b8e9d5da2a70f7099549f9eb37ded4e2f6a463e60125bccd176"},
    {file = "pillow-12.2.0-cp311-cp311-musllinux_1_2_aarch64.whl", hash = "sha256:56a3f9c60a13133a98ecff6197af34d7824de9b7b38c3654861a725c970c197b"},
    {file = "pillow-12.2.0-cp311-cp311-musllinux_1_2_x86_64.whl", hash = "sha256:90e6f81de50ad6b534cab6e5aef77ff6e37722b2f5d908686f4a5c9eba17a909"},
    {file = "pillow-12.2.0-cp311-cp311-win32.whl", hash = "sha256:8c984051042858021a54926eb597d6ee3012393ce9c181814115df4c60b9a808"},
    {file = "pillow-12.2.0-cp311-cp311-win_amd64.whl", hash = "sha256:6e6b2a0c538fc200b38ff9eb6628228b77908c319a005815f2dde585a0664b60"},
    {file = "pillow-12.2.0-cp311-cp311-win_arm64.whl", hash = "sha256:9a8a34cc89c67a65ea7437ce257cea81a9dad65b29805f3ecee8c8fe8ff25ffe"},
    {file = "pillow-12.2.0-cp312-cp312-macosx_10_13_x86_64.whl", hash = "sha256:2d192a155bbcec180f8564f693e6fd9bccff5a7af9b32e2e4bf8c9c69dbad6b5"},
    {file = "pillow-12.2.0-cp312-cp312-macosx_11_0_arm64.whl", hash = "sha256:f3f40b3c5a968281fd507d519e444c35f0ff171237f4fdde090dd60699458421"},
    {file = "pillow-12.2.0-cp312-cp312-manylinux2014_aarch64.manylinux_2_17_aarch64.whl", hash = "sha256:03e7e372d5240cc23e9f07deca4d775c0817bffc641b01e9c3af208dbd300987"},
    {file = "pillow-12.2.0-cp312-cp312-manylinux2014_x86_64.manylinux_2_17_x86_64.whl", hash = "sha256:b86024e52a1b269467a802258c25521e6d742349d760728092e1bc2d135b4d76"},
    {file = "pillow-12.2.0-cp312-cp312-manylinux_2_27_aarch64.manylinux_2_28_aarch64.whl", hash = "sha256:7371b48c4fa448d20d2714c9a1f775a81155050d383333e0a6c15b1123dda005"},
    {file = "pillow-12.2.0-cp312-cp312-manylinux_2_27_x86_64.manylinux_2_28_x86_64.whl", hash = "sha256:62f5409336adb0663b7caa0da5c7d9e7bdbaae9ce761d34669420c2a801b2780"},
    {file = "pillow-12.2.0-cp312-cp312-musllinux_1_2_aarch64.whl", hash = "sha256:01afa7cf67f74f09523699b4e88c73fb55c13346d212a59a2db1f86b0a63e8c5"},
    {file = "pillow-12.2.0-cp312-cp312-musllinux_1_2_x86_64.whl", hash = "sha256:fc3d34d4a8fbec3e88a79b92e5465e0f9b842b628675850d860b8bd300b159f5"},
    {file = "pillow-12.2.0-cp312-cp312-win32.whl", hash = "sha256:58f62cc0f00fd29e64b29f4fd923ffdb3859c9f9e6105bfc37ba1d08994e8940"},
    {file = "pillow-12.2.0-cp312-cp312-win_amd64.whl", hash = "sha256:7f84204dee22a783350679a0333981df803dac21a0190d706a50475e361c93f5"},
    {file = "pillow-12.2.0-cp312-cp312-win_arm64.whl", hash = "sha256:af73337013e0b3b46f175e79492d96845b16126ddf79c438d7ea7ff27783a414"},
    {file = "pillow-12.2.0-cp313-cp313-ios_13_0_arm64_iphoneos.whl", hash = "sha256:8297651f5b5679c19968abefd6bb84d95fe30ef712eb1b2d9b2d31ca61267f4c"},
    {file = "pillow-12.2.0-cp313-cp313-ios_13_0_arm64_iphonesimulator.whl", hash = "sha256:50d8520da2a6ce0af445fa6d648c4273c3eeefbc32d7ce049f22e8b5c3daecc2"},
    {file = "pillow-12.2.0-cp313-cp313-ios_13_0_x86_64_iphonesimulator.whl", hash = "sha256:766cef22385fa1091258ad7e6216792b156dc16d8d3fa607e7545b2b72061f1c"},
    {file = "pillow-12.2.0-cp313-cp313-macosx_10_13_x86_64.whl", hash = "sha256:5d2fd0fa6b5d9d1de415060363433f28da8b1526c1c129020435e186794b3795"},
    {file = "pillow-12.2.0-cp313-cp313-macosx_11_0_arm64.whl", hash = "sha256:56b25336f502b6ed02e889f4ece894a72612fe885889a6e8c4c80239ff6e5f5f"},
    {file = "pillow-12.2.0-cp313-cp313-manylinux2014_aarch64.manylinux_2_17_aarch64.whl", hash = "sha256:f1c943e96e85df3d3478f7b691f229887e143f81fedab9b20205349ab04d73ed"},
    {file = "pillow-12.2.0-cp313-cp313-manylinux2014_x86_64.manylinux_2_17_x86_64.whl", hash = "sha256:03f6fab9219220f041c74aeaa2939ff0062bd5c364ba9ce037197f4c6d498cd9"},
    {file = "pillow-12.2.0-cp313-cp313-manylinux_2_27_aarch64.manylinux_2_28_aarch64.whl", hash = "sha256:5cdfebd752ec52bf5bb4e35d9c64b40826bc5b40a13df7c3cda20a2c03a0f5ed"},
    {file = "pillow-12.2.0-cp313-cp313-manylinux_2_27_x86_64.manylinux_2_28_x86_64.whl", hash = "sha256:eedf4b74eda2b5a4b2b2fb4c006d6295df3bf29e459e198c90ea48e130dc75c3"},
    {file = "pillow-12.2.0-cp313-cp313-musllinux_1_2_aarch64.whl", hash = "sha256:00a2865911330191c0b818c59103b58a5e697cae67042366970a6b6f1b20b7f9"},
    {file = "pillow-12.2.0-cp313-cp313-musllinux_1_2_x86_64.whl", hash = "sha256:1e1757442ed87f4912397c6d35a0db6a7b52592156014706f17658ff58bbf795"},
    {file = "pillow-12.2.0-cp313-cp313-win32.whl", hash = "sha256:144748b3af2d1b358d41286056d0003f47cb339b8c43a9ea42f5fea4d8c66b6e"},
    {file = "pillow-12.2.0-cp313-cp313-win_amd64.whl", hash = "sha256:390ede346628ccc626e5730107cde16c42d3836b89662a115a921f28440e6a3b"},
    {file = "pillow-12.2.0-cp313-cp313-win_arm64.whl", hash = "sha256:8023abc91fba39036dbce14a7d6535632f99c0b857807cbbbf21ecc9f4717f06"},
    {file = "pillow-12.2.0-cp313-cp313t-macosx_10_13_x86_64.whl", hash = "sha256:042db20a421b9bafecc4b84a8b6e444686bd9d836c7fd24542db3e7df7baad9b"},
    {file = "pillow-12.2.0-cp313-cp313t-macosx_11_0_arm64.whl", hash = "sha256:dd025009355c926a84a612fecf58bb315a3f6814b17ead51a8e48d3823d9087f"},
    {file = "pillow-12.2.0-cp313-cp313t-manylinux2014_aarch64.manylinux_2_17_aarch64.whl", hash = "sha256:88ddbc66737e277852913bd1e07c150cc7bb124539f94c4e2df5344494e0a612"},
    {file = "pillow-12.2.0-cp313-cp313t-manylinux2014_x86_64.manylinux_2_17_x86_64.whl", hash = "sha256:d362d1878f00c142b7e1a16e6e5e780f02be8195123f164edf7eddd911eefe7c"},
    {file = "pillow-12.2.0-cp313-cp313t-manylinux_2_27_aarch64.manylinux_2_28_aarch64.whl", hash = "sha256:2c727a6d53cb0018aadd8018c2b938376af27914a68a492f59dfcaca650d5eea"},
    {file = "pillow-12.2.0-cp313-cp313t-manylinux_2_27_x86_64.manylinux_2_28_x86_64.whl", hash = "sha256:efd8c21c98c5cc60653bcb311bef2ce0401642b7ce9d09e03a7da87c878289d4"},
    {file = "pillow-12.2.0-cp313-cp313t-musllinux_1_2_aarch64.whl", hash = "sha256:9f08483a632889536b8139663db60f6724bfcb443c96f1b18855860d7d5c0fd4"},
    {file = "pillow-12.2.0-cp313-cp313t-musllinux_1_2_x86_64.whl", hash = "sha256:dac8d77255a37e81a2efcbd1fc05f1c15ee82200e6c240d7e127e25e365c39ea"},
    {file = "pillow-12.2.0-cp313-cp313t-win32.whl", hash = "sha256:ee3120ae9dff32f121610bb08e4313be87e03efeadfc6c0d18f89127e24d0c24"},
    {file = "pillow-12.2.0-cp313-cp313t-win_amd64.whl", hash = "sha256:325ca0528c6788d2a6c3d40e3568639398137346c3d6e66bb61db96b96511c98"},
    {file = "pillow-12.2.0-cp313-cp313t-win_arm64.whl", hash = "sha256:2e5a76d03a6c6dcef67edabda7a52494afa4035021a79c8558e14af25313d453"},
    {file = "pillow-12.2.0-cp314-cp314-ios_13_0_arm64_iphoneos.whl", hash = "sha256:3adc9215e8be0448ed6e814966ecf3d9952f0ea40eb14e89a102b87f450660d8"},
    {file = "pillow-12.2.0-cp314-cp314-ios_13_0_arm64_iphonesimulator.whl", hash = "sha256:6a9adfc6d24b10f89588096364cc726174118c62130c817c2837c60cf08a392b"},
    {file = "pillow-12.2.0-cp314-cp314-ios_13_0_x86_64_iphonesimulator.whl", hash = "sha256:6a6e67ea2e6feda684ed370f9a1c52e7a243631c025ba42149a2cc5934dec295"},
    {file = "pillow-12.2.0-cp314-cp314-macosx_10_15_x86_64.whl", hash = "sha256:2bb4a8d594eacdfc59d9e5ad972aa8afdd48d584ffd5f13a937a664c3e7db0ed"},
    {file = "pillow-12.2.0-cp314-cp314-macosx_11_0_arm64.whl", hash = "sha256:80b2da48193b2f33ed0c32c38140f9d3186583ce7d516526d462645fd98660ae"},
    {file = "pillow-12.2.0-cp314-cp314-manylinux2014_aarch64.manylinux_2_17_aarch64.whl", hash = "sha256:22db17c68434de69d8ecfc2fe821569195c0c373b25cccb9cbdacf2c6e53c601"},
    {file = "pillow-12.2.0-cp314-cp314-manylinux2014_x86_64.manylinux_2_17_x86_64.whl", hash = "sha256:7b14cc0106cd9aecda615dd6903840a058b4700fcb817687d0ee4fc8b6e389be"},
    {file = "pillow-12.2.0-cp314-cp314-manylinux_2_27_aarch64.manylinux_2_28_aarch64.whl", hash = "sha256:8cbeb542b2ebc6fcdacabf8aca8c1a97c9b3ad3927d46b8723f9d4f033288a0f"},
    {file = "pillow-12.2.0-cp314-cp314-manylinux_2_27_x86_64.manylinux_2_28_x86_64.whl", hash = "sha256:4bfd07bc812fbd20395212969e41931001fd59eb55a60658b0e5710872e95286"},
    {file = "pillow-12.2.0-cp314-cp314-musllinux_1_2_aarch64.whl", hash = "sha256:9aba9a17b623ef750a4d11b742cbafffeb48a869821252b30ee21b5e91392c50"},
    {file = "pillow-12.2.0-cp314-cp314-musllinux_1_2_x86_64.whl", hash = "sha256:deede7c263feb25dba4e82ea23058a235dcc2fe1f6021025dc71f2b618e26104"},
    {file = "pillow-12.2.0-cp314-cp314-win32.whl", hash = "sha256:632ff19b2778e43162304d50da0181ce24ac5bb8180122cbe1bf4673428328c7"},
    {file = "pillow-12.2.0-cp314-cp314-win_amd64.whl", hash = "sha256:4e6c62e9d237e9b65fac06857d511e90d8461a32adcc1b9065ea0c0fa3a28150"},
    {file = "pillow-12.2.0-cp314-cp314-win_arm64.whl", hash = "sha256:b1c1fbd8a5a1af3412a0810d060a78b5136ec0836c8a4ef9aa11807f2a22f4e1"},
    {file = "pillow-12.2.0-cp314-cp314t-macosx_10_15_x86_64.whl", hash = "sha256:57850958fe9c751670e49b2cecf6294acc99e562531f4bd317fa5ddee2068463"},
    {file = "pillow-12.2.0-cp314-cp314t-macosx_11_0_arm64.whl", hash = "sha256:d5d38f1411c0ed9f97bcb49b7bd59b6b7c314e0e27420e34d99d844b9ce3b6f3"},
    {file = "pillow-12.2.0-cp314-cp314t-manylinux2014_aarch64.manylinux_2_17_aarch64.whl", hash = "sha256:5c0a9f29ca8e79f09de89293f82fc9b0270bb4af1d58bc98f540cc4aedf03166"},
    {file = "pillow-12.2.0-cp314-cp314t-manylinux2014_x86_64.manylinux_2_17_x86_64.whl", hash = "sha256:1610dd6c61621ae1cf811bef44d77e149ce3f7b95afe66a4512f8c59f25d9ebe"},
    {file = "pillow-12.2.0-cp314-cp314t-manylinux_2_27_aarch64.manylinux_2_28_aarch64.whl", hash = "sha256:0a34329707af4f73cf1782a36cd2289c0368880654a2c11f027bcee9052d35dd"},
    {file = "pillow-12.2.0-cp314-cp314t-manylinux_2_27_x86_64.manylinux_2_28_x86_64.whl", hash = "sha256:8e9c4f5b3c546fa3458a29ab22646c1c6c787ea8f5ef51300e5a60300736905e"},
    {file = "pillow-12.2.0-cp314-cp314t-musllinux_1_2_aarch64.whl", hash = "sha256:fb043ee2f06b41473269765c2feae53fc2e2fbf96e5e22ca94fb5ad677856f06"},
    {file = "pillow-12.2.0-cp314-cp314t-musllinux_1_2_x86_64.whl", hash = "sha256:f278f034eb75b4e8a13a54a876cc4a5ab39173d2cdd93a638e1b467fc545ac43"},
    {file = "pillow-12.2.0-cp314-cp314t-win32.whl", hash = "sha256:6bb77b2dcb06b20f9f4b4a8454caa581cd4dd0643a08bacf821216a16d9c8354"},
    {file = "pillow-12.2.0-cp314-cp314t-win_amd64.whl", hash = "sha256:6562ace0d3fb5f20ed7290f1f929cae41b25ae29528f2af1722966a0a02e2aa1"},
    {file = "pillow-12.2.0-cp314-cp314t-win_arm64.whl", hash = "sha256:aa88ccfe4e32d362816319ed727a004423aab09c5cea43c01a4b435643fa34eb"},
    {file = "pillow-12.2.0-pp311-pypy311_pp73-macosx_10_15_x86_64.whl", hash = "sha256:0538bd5e05efec03ae613fd89c4ce0368ecd2ba239cc25b9f9be7ed426b0af1f"},
    {file = "pillow-12.2.0-pp311-pypy311_pp73-macosx_11_0_arm64.whl", hash = "sha256:394167b21da716608eac917c60aa9b969421b5dcbbe02ae7f013e7b85811c69d"},
    {file = "pillow-12.2.0-pp311-pypy311_pp73-manylinux2014_aarch64.manylinux_2_17_aarch64.whl", hash = "sha256:5d04bfa02cc2d23b497d1e90a0f927070043f6cbf303e738300532379a4b4e0f"},
    {file = "pillow-12.2.0-pp311-pypy311_pp73-manylinux2014_x86_64.manylinux_2_17_x86_64.whl", hash = "sha256:0c838a5125cee37e68edec915651521191cef1e6aa336b855f495766e77a366e"},
    {file = "pillow-12.2.0-pp311-pypy311_pp73-manylinux_2_27_aarch64.manylinux_2_28_aarch64.whl", hash = "sha256:4a6c9fa44005fa37a91ebfc95d081e8079757d2e904b27103f4f5fa6f0bf78c0"},
    {file = "pillow-12.2.0-pp311-pypy311_pp73-manylinux_2_27_x86_64.manylinux_2_28_x86_64.whl", hash = "sha256:25373b66e0dd5905ed63fa3cae13c82fbddf3079f2c8bf15c6fb6a35586324c1"},
    {file = "pillow-12.2.0-pp311-pypy311_pp73-win_amd64.whl", hash = "sha256:bfa9c230d2fe991bed5318a5f119bd6780cda2915cca595393649fc118ab895e"},
    {file = "pillow-12.2.0.tar.gz", hash = "sha256:a830b1a40919539d07806aa58e1b114df53ddd43213d9c8b75847eee6c0182b5"},
]

[package.extras]
docs = ["furo", "olefile", "sphinx (>=8.2)", "sphinx-autobuild", "sphinx-copybutton", "sphinx-inline-tabs", "sphinxext-opengraph"]
fpx = ["olefile"]
mic = ["olefile"]
test-arrow = ["arro3-compute", "arro3-core", "nanoarrow", "pyarrow"]
tests = ["check-manifest", "coverage (>=7.4.2)", "defusedxml", "markdown2", "olefile", "packaging", "pyroma (>=5)", "pytest", "pytest-cov", "pytest-timeout", "pytest-xdist", "trove-classifiers (>=2024.10.12)"]
xmp = ["defusedxml"]

[[package]]
name = "pyinstaller"
version = "6.20.0"
description = "PyInstaller bundles a Python application and all its dependencies into a single package."
optional = false
python-versions = "<3.15,>=3.8"
groups = ["dev"]
files = [
    {file = "pyinstaller-6.20.0-py3-none-macosx_10_13_universal2.whl", hash = "sha256:bf3be4e1284ee78ddccba5e29f99443a12a7b4673168288ffc4c9d38c6f7b90e"},
    {file = "pyinstaller-6.20.0-py3-none-manylinux2014_aarch64.whl", hash = "sha256:72ae9c1fdea134afa791f58bdc9a1934d5c7609753c111e0026bfc272b32b712"},
    {file = "pyinstaller-6.20.0-py3-none-manylinux2014_i686.whl", hash = "sha256:1031bcc307f3fbeffd4e162723e64d46dbf591c82dd0997413afb2a07328b941"},
    {file = "pyinstaller-6.20.0-py3-none-manylinux2014_ppc64le.whl", hash = "sha256:8df3b3f347659fa2562d8d193a98ad4600133b8b8d07c268df89e4154376750e"},
    {file = "pyinstaller-6.20.0-py3-none-manylinux2014_s390x.whl", hash = "sha256:b0d3cc9dd8120d448459bd3880a12e2f9774c51443af49047801446377999a59"},
    {file = "pyinstaller-6.20.0-py3-none-manylinux2014_x86_64.whl", hash = "sha256:03696bb6350177c6bc23bcaf78e71a33c4a89b6754dd90d1be2f318e978c918b"},
    {file = "pyinstaller-6.20.0-py3-none-musllinux_1_1_aarch64.whl", hash = "sha256:6357f1699f6af84f37e7367f031d4f68abdba65543b83990c9e8f5a4cebed0b7"},
    {file = "pyinstaller-6.20.0-py3-none-musllinux_1_1_x86_64.whl", hash = "sha256:0ab39c690abad26ba148e8f664f0478acc82a733997f4f22e757774832802da9"},
    {file = "pyinstaller-6.20.0-py3-none-win32.whl", hash = "sha256:9a7637e8e44b4387b13667fdcaac86ab6b29c446c16d34d8401539b81838759c"},
    {file = "pyinstaller-6.20.0-py3-none-win_amd64.whl", hash = "sha256:d588844e890ee80c4365867f98146636e1849bbca8e4284bbf0c809aff0f161a"},
    {file = "pyinstaller-6.20.0-py3-none-win_arm64.whl", hash = "sha256:bd53282c0a73e5c95573e1ddc8e5d564d4932bec91efbaed4dc5fdff9c2ae7f2"},
    {file = "pyinstaller-6.20.0.tar.gz", hash = "sha256:95c5c7e03d5d61e9dfb8ef259c699cf492bb1041beb6dbe83696608cec07347a"},
]

[package.dependencies]
altgraph = "*"
macholib = {version = ">=1.8", markers = "sys_platform == \"darwin\""}
packaging = ">=22.0"
pefile = {version = ">=2022.5.30", markers = "sys_platform == \"win32\""}
pyinstaller-hooks-contrib = ">=2026.4"
pywin32-ctypes = {version = ">=0.2.1", markers = "sys_platform == \"win32\""}
setuptools = ">=42.0.0"

[package.extras]
completion = ["argcomplete"]
hook-testing = ["execnet (>=1.5.0)", "psutil", "pytest (>=2.7.3)"]

[[package]]
name = "pyinstaller-hooks-contrib"
version = "2026.4"
description = "Community maintained hooks for PyInstaller"
optional = false
python-versions = ">=3.8"
groups = ["dev"]
files = [
    {file = "pyinstaller_hooks_contrib-2026.4-py3-none-any.whl", hash = "sha256:1de1a5e49a878122010b88c7e295502bc69776c157c4a4dc78741a4e6178b00f"},
    {file = "pyinstaller_hooks_contrib-2026.4.tar.gz", hash = "sha256:766c281acb1ecc32e21c8c667056d7ebf5da0aabd5e30c219f9c2a283620eeaa"},
]

[package.dependencies]
packaging = ">=22.0"
setuptools = ">=42.0.0"

[[package]]
name = "pymupdf"
version = "1.27.2.2"
description = "A high performance Python library for data extraction, analysis, conversion & manipulation of PDF (and other) documents."
optional = false
python-versions = ">=3.10"
groups = ["main"]
files = [
    {file = "pymupdf-1.27.2.2-cp310-abi3-macosx_10_9_x86_64.whl", hash = "sha256:800f43e60a6f01f644343c2213b8613db02eaf4f4ba235b417b3351fa99e01c0"},
    {file = "pymupdf-1.27.2.2-cp310-abi3-macosx_11_0_arm64.whl", hash = "sha256:8e2e4299ef1ac0c9dff9be096cbd22783699673abecfa7c3f73173ae06421d73"},
    {file = "pymupdf-1.27.2.2-cp310-abi3-manylinux_2_28_aarch64.whl", hash = "sha256:c5e3d54922db1c7da844f1208ac1db05704770988752311f81dd36694ae0a07b"},
    {file = "pymupdf-1.27.2.2-cp310-abi3-manylinux_2_28_x86_64.whl", hash = "sha256:892698c9768457eb0991c102c96a856c0a7062539371df5e6bee0816f3ef498e"},
    {file = "pymupdf-1.27.2.2-cp310-abi3-musllinux_1_2_x86_64.whl", hash = "sha256:8b4bbfa6ef347fade678771a93f6364971c51a2cdc44cd2400dc4eeed1ddb4e6"},
    {file = "pymupdf-1.27.2.2-cp310-abi3-win32.whl", hash = "sha256:0b8e924433b7e0bd46be820899300259235997d5a747638471fb2762baa8ee30"},
    {file = "pymupdf-1.27.2.2-cp310-abi3-win_amd64.whl", hash = "sha256:09bb53f9486ccb5297030cbc2dbdae845ba1c3c5126e96eb2d16c4f118de0b5b"},
    {file = "pymupdf-1.27.2.2-cp314-cp314t-manylinux_2_28_x86_64.whl", hash = "sha256:6cebfbbdfd219ebdebf4d8e3914624b2e3d3a844c43f4f76935822dd9b13cc12"},
    {file = "pymupdf-1.27.2.2.tar.gz", hash = "sha256:ea8fdc3ab6671ca98f629d5ec3032d662c8cf1796b146996b7ad306ac7ed3335"},
]

[[package]]
name = "pyqt6"
version = "6.11.0"
description = "Python bindings for the Qt cross platform application toolkit"
optional = false
python-versions = ">=3.10"
groups = ["main"]
files = [
    {file = "pyqt6-6.11.0-cp310-abi3-macosx_10_14_universal2.whl", hash = "sha256:f7100bc7f72b12581ec479a733f4ad11b8002668e6786e8a445ab6f4d1c743d4"},
    {file = "pyqt6-6.11.0-cp310-abi3-manylinux_2_34_x86_64.whl", hash = "sha256:8555277989fa7d114cb3c3443fd261d566909f7268ceedd41d93a5f02d37ec05"},
    {file = "pyqt6-6.11.0-cp310-abi3-manylinux_2_39_aarch64.whl", hash = "sha256:0734959955adde095af9a074213a7f73386d1bbbddfc27346b4c0621641a692e"},
    {file = "pyqt6-6.11.0-cp310-abi3-win_amd64.whl", hash = "sha256:bd11b459c54dca068e988a42cf838303334f0d441b9d16d92ae6719fcb5ac6ba"},
    {file = "pyqt6-6.11.0-cp310-abi3-win_arm64.whl", hash = "sha256:b6324e3501b19b4292c7a55b1f22e82d3e80e519e383ce4fe79b4a754c6f0288"},
    {file = "pyqt6-6.11.0.tar.gz", hash = "sha256:45dd60aa69976de1918b5ced6b4e7b6a25abd2a919ecef5fd5826ecc76718889"},
]

[package.dependencies]
PyQt6-Qt6 = ">=6.11.0,<6.12.0"
PyQt6-sip = ">=13.8,<14"

[[package]]
name = "pyqt6-qt6"
version = "6.11.0"
description = "The subset of a Qt installation needed by PyQt6."
optional = false
python-versions = "*"
groups = ["main"]
files = [
    {file = "pyqt6_qt6-6.11.0-py3-none-macosx_10_14_x86_64.whl", hash = "sha256:447b04baf9bfd800410dc6a3b6faf24a2b754bd6e1c5d0dc609e6935362828f3"},
    {file = "pyqt6_qt6-6.11.0-py3-none-macosx_11_0_arm64.whl", hash = "sha256:b510d0cb8f4d3f4306b6ff33a63234139c9c87c160909d3853e4deb1094782c2"},
    {file = "pyqt6_qt6-6.11.0-py3-none-manylinux_2_34_x86_64.whl", hash = "sha256:c2c3a14714536256a9fd761a8ac8e030dfed7b991200a220ca79d399fcc3d265"},
    {file = "pyqt6_qt6-6.11.0-py3-none-manylinux_2_39_aarch64.whl", hash = "sha256:acc5b78d7f718a5642f14b37928e074b048751cc86edb4c539e4425bfbd26827"},
    {file = "pyqt6_qt6-6.11.0-py3-none-win_amd64.whl", hash = "sha256:b0e42629cef2575f2178aaeb32b0e539291df869f91f4df48983da3ccaad05af"},
    {file = "pyqt6_qt6-6.11.0-py3-none-win_arm64.whl", hash = "sha256:bcfa594171408319935c25afc7f82a3ae3ba90678ea194631bbca1c6f68daa6d"},
]

[[package]]
name = "pyqt6-sip"
version = "13.11.1"
description = "The sip module support for PyQt6"
optional = false
python-versions = ">=3.10"
groups = ["main"]
files = [
    {file = "pyqt6_sip-13.11.1-cp310-cp310-macosx_10_9_universal2.whl", hash = "sha256:a2456a8a68de43f400ffd13f7f8728713434ded374e45fa7754afb9e087b2421"},
    {file = "pyqt6_sip-13.11.1-cp310-cp310-manylinux1_x86_64.manylinux_2_5_x86_64.whl", hash = "sha256:7a1b08421967e68a821d3ea97fcdc8413671aec817a0dc46b844ab4bb2ebab66"},
    {file = "pyqt6_sip-13.11.1-cp310-cp310-manylinux_2_17_aarch64.manylinux2014_aarch64.whl", hash = "sha256:dd8be768799be1a29857ea0125b1d365021a8a014c1d746f0df6b7ba0400edef"},
    {file = "pyqt6_sip-13.11.1-cp310-cp310-win_amd64.whl", hash = "sha256:7677fa1d0e3f933838e5dd8e03ebd6cd4dfc994c9e9b24e8aabd1b3ccecb2430"},
    {file = "pyqt6_sip-13.11.1-cp311-cp311-macosx_10_9_universal2.whl", hash = "sha256:c0ec2128c174db352bec1c8d23a437e970e8d5a78ac50315d8dfc671fcf7a7da"},
    {file = "pyqt6_sip-13.11.1-cp311-cp311-manylinux1_x86_64.manylinux_2_5_x86_64.whl", hash = "sha256:6aa6c15ad3a9bb86e69119baff77b4ac17c47e55ee567abff616a4652051a6cc"},
    {file = "pyqt6_sip-13.11.1-cp311-cp311-manylinux_2_17_aarch64.manylinux2014_aarch64.whl", hash = "sha256:0ee652b272373c4f9287625ef32ad4ec1f0755c24928dc958a870b7a928b288c"},
    {file = "pyqt6_sip-13.11.1-cp311-cp311-win_amd64.whl", hash = "sha256:98db8ed37cf08130e1ee74b8ff47a6bfb8c3cdfe826310597a630a50e47feedc"},
    {file = "pyqt6_sip-13.11.1-cp311-cp311-win_arm64.whl", hash = "sha256:3af7a49dce4c35c5464309232c81cc1da5ec6074f46d2957831ee4031b8eefa6"},
    {file = "pyqt6_sip-13.11.1-cp312-cp312-macosx_10_9_universal2.whl", hash = "sha256:ba9d362dd1e54b43bc2594f8841e1e39d24789716d28f08e5c9282af9fca342c"},
    {file = "pyqt6_sip-13.11.1-cp312-cp312-manylinux1_x86_64.manylinux_2_5_x86_64.whl", hash = "sha256:0df15849946cea969d3ff2b24b76149262b6044aea2c5403e4f70c24c973a4c8"},
    {file = "pyqt6_sip-13.11.1-cp312-cp312-manylinux_2_17_aarch64.manylinux2014_aarch64.whl", hash = "sha256:c52b2b27fc77d9447a8dc1c6de1aaccc22d41e48697aafb2f2f20b8984bb02a5"},
    {file = "pyqt6_sip-13.11.1-cp312-cp312-win_amd64.whl", hash = "sha256:1d1c67179c1924b28e3d7f04585639e7a7c0946f62390efc6ccf2a6206e595d3"},
    {file = "pyqt6_sip-13.11.1-cp312-cp312-win_arm64.whl", hash = "sha256:d83543125fe9fdb153e7e446c3b4d056d80ab5953644660633ab3f80e7784194"},
    {file = "pyqt6_sip-13.11.1-cp313-cp313-macosx_10_13_universal2.whl", hash = "sha256:0c6d097aae7df312519e2b36e001bd796f6a2ce060ab8b9ed793daa8f407fe2e"},
    {file = "pyqt6_sip-13.11.1-cp313-cp313-manylinux1_x86_64.manylinux_2_5_x86_64.whl", hash = "sha256:a72f4ebdab16a8a484019ff593de90d8013d3286b678c6ba1c0bdb117f4fcb13"},
    {file = "pyqt6_sip-13.11.1-cp313-cp313-manylinux_2_17_aarch64.manylinux2014_aarch64.whl", hash = "sha256:b68e442efc4275651bf63f2c43713e242924fd948909e31cf8f20d783ca505e9"},
    {file = "pyqt6_sip-13.11.1-cp313-cp313-win_amd64.whl", hash = "sha256:ca24bfd4d5d8274e338433df9ac41930650088c00018d3313c6bd8de21772a02"},
    {file = "pyqt6_sip-13.11.1-cp313-cp313-win_arm64.whl", hash = "sha256:f532144c43f2fddcccf2e25df50cdb4a744edb4ce4ba5ed2d0f2cef825197f2f"},
    {file = "pyqt6_sip-13.11.1-cp314-cp314-macosx_10_15_universal2.whl", hash = "sha256:cb931c1af45294bbe8039c5cfda184e3023f5dc766fc884964010eedd8fd85db"},
    {file = "pyqt6_sip-13.11.1-cp314-cp314-manylinux1_x86_64.manylinux_2_5_x86_64.whl", hash = "sha256:353d613129316e9f7eda6bbe821deb7b7ffa14483499189171fd8a246873f9ac"},
    {file = "pyqt6_sip-13.11.1-cp314-cp314-manylinux_2_17_aarch64.manylinux2014_aarch64.whl", hash = "sha256:fcadd68e09ee24cdda8f8bfcba52e59c9b297055d2c450f0eb89afa61a8dc31a"},
    {file = "pyqt6_sip-13.11.1-cp314-cp314-win_amd64.whl", hash = "sha256:581e287bf42587593b88b30d9db06ed0fccbf40f345a5bd3ec3f00a5692e2430"},
    {file = "pyqt6_sip-13.11.1-cp314-cp314-win_arm64.whl", hash = "sha256:42b62530a9b6a9c6e29c2941b8ab78258652da0aeae4eb1fc9a0631d19a7a7b2"},
    {file = "pyqt6_sip-13.11.1.tar.gz", hash = "sha256:869c5b48afe38e55b1ee0dd72182b0886e968cc509b98023ff50010b013ce1be"},
]

[[package]]
name = "pywin32-ctypes"
version = "0.2.3"
description = "A (partial) reimplementation of pywin32 using ctypes/cffi"
optional = false
python-versions = ">=3.6"
groups = ["dev"]
markers = "sys_platform == \"win32\""
files = [
    {file = "pywin32-ctypes-0.2.3.tar.gz", hash = "sha256:d162dc04946d704503b2edc4d55f3dba5c1d539ead017afa00142c38b9885755"},
    {file = "pywin32_ctypes-0.2.3-py3-none-any.whl", hash = "sha256:8a1513379d709975552d202d942d9837758905c8d01eb82b8bcc30918929e7b8"},
]

[[package]]
name = "setuptools"
version = "82.0.1"
description = "Most extensible Python build backend with support for C/C++ extension modules"
optional = false
python-versions = ">=3.9"
groups = ["dev"]
files = [
    {file = "setuptools-82.0.1-py3-none-any.whl", hash = "sha256:a59e362652f08dcd477c78bb6e7bd9d80a7995bc73ce773050228a348ce2e5bb"},
    {file = "setuptools-82.0.1.tar.gz", hash = "sha256:7d872682c5d01cfde07da7bccc7b65469d3dca203318515ada1de5eda35efbf9"},
]

[package.extras]
check = ["pytest-checkdocs (>=2.4)", "pytest-ruff (>=0.2.1) ; sys_platform != \"cygwin\"", "ruff (>=0.13.0) ; sys_platform != \"cygwin\""]
core = ["importlib_metadata (>=6) ; python_version < \"3.10\"", "jaraco.functools (>=4)", "jaraco.text (>=3.7)", "more_itertools", "more_itertools (>=8.8)", "packaging (>=24.2)", "tomli (>=2.0.1) ; python_version < \"3.11\"", "wheel (>=0.43.0)"]
cover = ["pytest-cov"]
doc = ["furo", "jaraco.packaging (>=9.3)", "jaraco.tidelift (>=1.4)", "pygments-github-lexers (==0.0.5)", "pyproject-hooks (!=1.1)", "rst.linker (>=1.9)", "sphinx (>=3.5)", "sphinx-favicon", "sphinx-inline-tabs", "sphinx-lint", "sphinx-notfound-page (>=1,<2)", "sphinx-reredirects", "sphinxcontrib-towncrier", "towncrier (<24.7)"]
enabler = ["pytest-enabler (>=2.2)"]
test = ["build[virtualenv] (>=1.0.3)", "filelock (>=3.4.0)", "ini2toml[lite] (>=0.14)", "jaraco.develop (>=7.21) ; python_version >= \"3.9\" and sys_platform != \"cygwin\"", "jaraco.envs (>=2.2)", "jaraco.path (>=3.7.2)", "jaraco.test (>=5.5)", "packaging (>=24.2)", "pip (>=19.1)", "pyproject-hooks (!=1.1)", "pytest (>=6,!=8.1.*)", "pytest-home (>=0.5)", "pytest-perf ; sys_platform != \"cygwin\"", "pytest-subprocess", "pytest-timeout", "pytest-xdist (>=3)", "tomli-w (>=1.0.0)", "virtualenv (>=13.0.0)", "wheel (>=0.44.0)"]
type = ["importlib_metadata (>=7.0.2) ; python_version < \"3.10\"", "jaraco.develop (>=7.21) ; sys_platform != \"cygwin\"", "mypy (==1.18.*)", "pytest-mypy"]

[[package]]
name = "watchdog"
version = "6.0.0"
description = "Filesystem events monitoring"
optional = false
python-versions = ">=3.9"
groups = ["main"]
files = [
    {file = "watchdog-6.0.0-cp310-cp310-macosx_10_9_universal2.whl", hash = "sha256:d1cdb490583ebd691c012b3d6dae011000fe42edb7a82ece80965b42abd61f26"},
    {file = "watchdog-6.0.0-cp310-cp310-macosx_10_9_x86_64.whl", hash = "sha256:bc64ab3bdb6a04d69d4023b29422170b74681784ffb9463ed4870cf2f3e66112"},
    {file = "watchdog-6.0.0-cp310-cp310-macosx_11_0_arm64.whl", hash = "sha256:c897ac1b55c5a1461e16dae288d22bb2e412ba9807df8397a635d88f671d36c3"},
    {file = "watchdog-6.0.0-cp311-cp311-macosx_10_9_universal2.whl", hash = "sha256:6eb11feb5a0d452ee41f824e271ca311a09e250441c262ca2fd7ebcf2461a06c"},
    {file = "watchdog-6.0.0-cp311-cp311-macosx_10_9_x86_64.whl", hash = "sha256:ef810fbf7b781a5a593894e4f439773830bdecb885e6880d957d5b9382a960d2"},
    {file = "watchdog-6.0.0-cp311-cp311-macosx_11_0_arm64.whl", hash = "sha256:afd0fe1b2270917c5e23c2a65ce50c2a4abb63daafb0d419fde368e272a76b7c"},
    {file = "watchdog-6.0.0-cp312-cp312-macosx_10_13_universal2.whl", hash = "sha256:bdd4e6f14b8b18c334febb9c4425a878a2ac20efd1e0b231978e7b150f92a948"},
    {file = "watchdog-6.0.0-cp312-cp312-macosx_10_13_x86_64.whl", hash = "sha256:c7c15dda13c4eb00d6fb6fc508b3c0ed88b9d5d374056b239c4ad1611125c860"},
    {file = "watchdog-6.0.0-cp312-cp312-macosx_11_0_arm64.whl", hash = "sha256:6f10cb2d5902447c7d0da897e2c6768bca89174d0c6e1e30abec5421af97a5b0"},
    {file = "watchdog-6.0.0-cp313-cp313-macosx_10_13_universal2.whl", hash = "sha256:490ab2ef84f11129844c23fb14ecf30ef3d8a6abafd3754a6f75ca1e6654136c"},
    {file = "watchdog-6.0.0-cp313-cp313-macosx_10_13_x86_64.whl", hash = "sha256:76aae96b00ae814b181bb25b1b98076d5fc84e8a53cd8885a318b42b6d3a5134"},
    {file = "watchdog-6.0.0-cp313-cp313-macosx_11_0_arm64.whl", hash = "sha256:a175f755fc2279e0b7312c0035d52e27211a5bc39719dd529625b1930917345b"},
    {file = "watchdog-6.0.0-cp39-cp39-macosx_10_9_universal2.whl", hash = "sha256:e6f0e77c9417e7cd62af82529b10563db3423625c5fce018430b249bf977f9e8"},
    {file = "watchdog-6.0.0-cp39-cp39-macosx_10_9_x86_64.whl", hash = "sha256:90c8e78f3b94014f7aaae121e6b909674df5b46ec24d6bebc45c44c56729af2a"},
    {file = "watchdog-6.0.0-cp39-cp39-macosx_11_0_arm64.whl", hash = "sha256:e7631a77ffb1f7d2eefa4445ebbee491c720a5661ddf6df3498ebecae5ed375c"},
    {file = "watchdog-6.0.0-pp310-pypy310_pp73-macosx_10_15_x86_64.whl", hash = "sha256:c7ac31a19f4545dd92fc25d200694098f42c9a8e391bc00bdd362c5736dbf881"},
    {file = "watchdog-6.0.0-pp310-pypy310_pp73-macosx_11_0_arm64.whl", hash = "sha256:9513f27a1a582d9808cf21a07dae516f0fab1cf2d7683a742c498b93eedabb11"},
    {file = "watchdog-6.0.0-pp39-pypy39_pp73-macosx_10_15_x86_64.whl", hash = "sha256:7a0e56874cfbc4b9b05c60c8a1926fedf56324bb08cfbc188969777940aef3aa"},
    {file = "watchdog-6.0.0-pp39-pypy39_pp73-macosx_11_0_arm64.whl", hash = "sha256:e6439e374fc012255b4ec786ae3c4bc838cd7309a540e5fe0952d03687d8804e"},
    {file = "watchdog-6.0.0-py3-none-manylinux2014_aarch64.whl", hash = "sha256:7607498efa04a3542ae3e05e64da8202e58159aa1fa4acddf7678d34a35d4f13"},
    {file = "watchdog-6.0.0-py3-none-manylinux2014_armv7l.whl", hash = "sha256:9041567ee8953024c83343288ccc458fd0a2d811d6a0fd68c4c22609e3490379"},
    {file = "watchdog-6.0.0-py3-none-manylinux2014_i686.whl", hash = "sha256:82dc3e3143c7e38ec49d61af98d6558288c415eac98486a5c581726e0737c00e"},
    {file = "watchdog-6.0.0-py3-none-manylinux2014_ppc64.whl", hash = "sha256:212ac9b8bf1161dc91bd09c048048a95ca3a4c4f5e5d4a7d1b1a7d5752a7f96f"},
    {file = "watchdog-6.0.0-py3-none-manylinux2014_ppc64le.whl", hash = "sha256:e3df4cbb9a450c6d49318f6d14f4bbc80d763fa587ba46ec86f99f9e6876bb26"},
    {file = "watchdog-6.0.0-py3-none-manylinux2014_s390x.whl", hash = "sha256:2cce7cfc2008eb51feb6aab51251fd79b85d9894e98ba847408f662b3395ca3c"},
    {file = "watchdog-6.0.0-py3-none-manylinux2014_x86_64.whl", hash = "sha256:20ffe5b202af80ab4266dcd3e91aae72bf2da48c0d33bdb15c66658e685e94e2"},
    {file = "watchdog-6.0.0-py3-none-win32.whl", hash = "sha256:07df1fdd701c5d4c8e55ef6cf55b8f0120fe1aef7ef39a1c6fc6bc2e606d517a"},
    {file = "watchdog-6.0.0-py3-none-win_amd64.whl", hash = "sha256:cbafb470cf848d93b5d013e2ecb245d4aa1c8fd0504e863ccefa32445359d680"},
    {file = "watchdog-6.0.0-py3-none-win_ia64.whl", hash = "sha256:a1914259fa9e1454315171103c6a30961236f508b9b623eae470268bbcc6a22f"},
    {file = "watchdog-6.0.0.tar.gz", hash = "sha256:9ddf7c82fda3ae8e24decda1338ede66e1c99883db93711d8fb941eaa2d8c282"},
]

[package.extras]
watchmedo = ["PyYAML (>=3.10)"]

[metadata]
lock-version = "2.1"
python-versions = ">=3.12,<3.13"
content-hash = "6502f1ee98a9cef96a27c0c3729d2f3e2663f479f5bb2c52175752a997bc3dfc"
